
Microsoft Visual Studio Solution File, Format Version 12.00
# Visual Studio Version 17
VisualStudioVersion = 17.5.33424.131
MinimumVisualStudioVersion = 10.0.40219.1
Project("{9A19103F-16F7-4668-BE54-9A1E7A4F7556}") = "ConcurrentProgramming0", "ConcurrentProgramming0\ConcurrentProgramming0.csproj", "{239E567A-249E-40DC-B0FF-4B1D928D4C9C}"
EndProject
Project("{FAE04EC0-301F-11D3-BF4B-00C04F79EFBC}") = "AreaCalculatorTests", "AreaCalculatorTests\AreaCalculatorTests.csproj", "{EACC61C4-3D0E-4669-B72B-E9698EB5FAA9}"
EndProject
Global
	GlobalSection(SolutionConfigurationPlatforms) = preSolution
		Debug|Any CPU = Debug|Any CPU
		Release|Any CPU = Release|Any CPU
	EndGlobalSection
	GlobalSection(ProjectConfigurationPlatforms) = postSolution
		{239E567A-249E-40DC-B0FF-4B1D928D4C9C}.Debug|Any CPU.ActiveCfg = Debug|Any CPU
		{239E567A-249E-40DC-B0FF-4B1D928D4C9C}.Debug|Any CPU.Build.0 = Debug|Any CPU
		{239E567A-249E-40DC-B0FF-4B1D928D4C9C}.Release|Any CPU.ActiveCfg = Release|Any CPU
		{239E567A-249E-40DC-B0FF-4B1D928D4C9C}.Release|Any CPU.Build.0 = Release|Any CPU
		{EACC61C4-3D0E-4669-B72B-E9698EB5FAA9}.Debug|Any CPU.ActiveCfg = Debug|Any CPU
		{EACC61C4-3D0E-4669-B72B-E9698EB5FAA9}.Debug|Any CPU.Build.0 = Debug|Any CPU
		{EACC61C4-3D0E-4669-B72B-E9698EB5FAA9}.Release|Any CPU.ActiveCfg = Release|Any CPU
		{EACC61C4-3D0E-4669-B72B-E9698EB5FAA9}.Release|Any CPU.Build.0 = Release|Any CPU
	EndGlobalSection
	GlobalSection(SolutionProperties) = preSolution
		HideSolutionNode = FALSE
	EndGlobalSection
	GlobalSection(ExtensibilityGlobals) = postSolution
		SolutionGuid = {2BD36F9F-9EA2-4FF4-A32E-0CC5A02DF608}
	EndGlobalSection
EndGlobal
